
Microsoft Visual Studio Solution File, Format Version 12.00
# Visual Studio Version 17
VisualStudioVersion = 17.12.35527.113
MinimumVisualStudioVersion = 10.0.40219.1
Project("{FAE04EC0-301F-11D3-BF4B-00C04F79EFBC}") = "quanliquanao3", "quanliquanao3\quanliquanao3.csproj", "{6EE3C57C-1F0F-43DD-A3D3-9428C9FDD89F}"
EndProject
Project("{FAE04EC0-301F-11D3-BF4B-00C04F79EFBC}") = "CRUDquanao", "CRUDquanao\CRUDquanao.csproj", "{12FBD0F4-93AE-4AE3-82B8-C23456164EC8}"
EndProject
Global
	GlobalSection(SolutionConfigurationPlatforms) = preSolution
		Debug|Any CPU = Debug|Any CPU
		Release|Any CPU = Release|Any CPU
	EndGlobalSection
	GlobalSection(ProjectConfigurationPlatforms) = postSolution
		{6EE3C57C-1F0F-43DD-A3D3-9428C9FDD89F}.Debug|Any CPU.ActiveCfg = Debug|Any CPU
		{6EE3C57C-1F0F-43DD-A3D3-9428C9FDD89F}.Debug|Any CPU.Build.0 = Debug|Any CPU
		{6EE3C57C-1F0F-43DD-A3D3-9428C9FDD89F}.Release|Any CPU.ActiveCfg = Release|Any CPU
		{6EE3C57C-1F0F-43DD-A3D3-9428C9FDD89F}.Release|Any CPU.Build.0 = Release|Any CPU
		{12FBD0F4-93AE-4AE3-82B8-C23456164EC8}.Debug|Any CPU.ActiveCfg = Debug|Any CPU
		{12FBD0F4-93AE-4AE3-82B8-C23456164EC8}.Debug|Any CPU.Build.0 = Debug|Any CPU
		{12FBD0F4-93AE-4AE3-82B8-C23456164EC8}.Release|Any CPU.ActiveCfg = Release|Any CPU
		{12FBD0F4-93AE-4AE3-82B8-C23456164EC8}.Release|Any CPU.Build.0 = Release|Any CPU
	EndGlobalSection
	GlobalSection(SolutionProperties) = preSolution
		HideSolutionNode = FALSE
	EndGlobalSection
EndGlobal
